
Microsoft Visual Studio Solution File, Format Version 12.00
# Visual Studio Version 17
VisualStudioVersion = 17.4.33205.214
MinimumVisualStudioVersion = 10.0.40219.1
Project("{9A19103F-16F7-4668-BE54-9A1E7A4F7556}") = "HerancaPolimorfismo", "HerancaPolimorfismo\HerancaPolimorfismo.csproj", "{EF34E8CA-C403-4DF1-B424-665E871959BB}"
EndProject
Project("{FAE04EC0-301F-11D3-BF4B-00C04F79EFBC}") = "Imposto", "Imposto\Imposto.csproj", "{28E4A1CE-9732-41FC-9B62-FB099C7AEF63}"
EndProject
Global
	GlobalSection(SolutionConfigurationPlatforms) = preSolution
		Debug|Any CPU = Debug|Any CPU
		Release|Any CPU = Release|Any CPU
	EndGlobalSection
	GlobalSection(ProjectConfigurationPlatforms) = postSolution
		{EF34E8CA-C403-4DF1-B424-665E871959BB}.Debug|Any CPU.ActiveCfg = Debug|Any CPU
		{EF34E8CA-C403-4DF1-B424-665E871959BB}.Debug|Any CPU.Build.0 = Debug|Any CPU
		{EF34E8CA-C403-4DF1-B424-665E871959BB}.Release|Any CPU.ActiveCfg = Release|Any CPU
		{EF34E8CA-C403-4DF1-B424-665E871959BB}.Release|Any CPU.Build.0 = Release|Any CPU
		{28E4A1CE-9732-41FC-9B62-FB099C7AEF63}.Debug|Any CPU.ActiveCfg = Debug|Any CPU
		{28E4A1CE-9732-41FC-9B62-FB099C7AEF63}.Debug|Any CPU.Build.0 = Debug|Any CPU
		{28E4A1CE-9732-41FC-9B62-FB099C7AEF63}.Release|Any CPU.ActiveCfg = Release|Any CPU
		{28E4A1CE-9732-41FC-9B62-FB099C7AEF63}.Release|Any CPU.Build.0 = Release|Any CPU
	EndGlobalSection
	GlobalSection(SolutionProperties) = preSolution
		HideSolutionNode = FALSE
	EndGlobalSection
	GlobalSection(ExtensibilityGlobals) = postSolution
		SolutionGuid = {2513EDDF-CB29-423F-8789-9FA58305CC7A}
	EndGlobalSection
EndGlobal
